
Microsoft Visual Studio Solution File, Format Version 12.00
# Visual Studio Version 17
VisualStudioVersion = 17.6.33815.320
MinimumVisualStudioVersion = 10.0.40219.1
Project("{FAE04EC0-301F-11D3-BF4B-00C04F79EFBC}") = "MeuPrimeiroPrograma", "MeuPrimeiroPrograma\MeuPrimeiroPrograma.csproj", "{460B0F5C-F165-462E-9E19-89C9B58906FF}"
EndProject
Global
	GlobalSection(SolutionConfigurationPlatforms) = preSolution
		Debug|Any CPU = Debug|Any CPU
		Release|Any CPU = Release|Any CPU
	EndGlobalSection
	GlobalSection(ProjectConfigurationPlatforms) = postSolution
		{460B0F5C-F165-462E-9E19-89C9B58906FF}.Debug|Any CPU.ActiveCfg = Debug|Any CPU
		{460B0F5C-F165-462E-9E19-89C9B58906FF}.Debug|Any CPU.Build.0 = Debug|Any CPU
		{460B0F5C-F165-462E-9E19-89C9B58906FF}.Release|Any CPU.ActiveCfg = Release|Any CPU
		{460B0F5C-F165-462E-9E19-89C9B58906FF}.Release|Any CPU.Build.0 = Release|Any CPU
	EndGlobalSection
	GlobalSection(SolutionProperties) = preSolution
		HideSolutionNode = FALSE
	EndGlobalSection
	GlobalSection(ExtensibilityGlobals) = postSolution
		SolutionGuid = {DC8B739A-2617-4462-A0A4-7B253301422C}
	EndGlobalSection
EndGlobal
